// !$*UTF8*$!
{
	archiveVersion = 1;
	classes = {
	};
	objectVersion = 46;
	objects = {

/* Begin PBXBuildFile section */
		5CA12144A2C2A4AFF0C6EA24 /* VideoListViewController.m in Sources */ = {isa = PBXBuildFile; fileRef = 5CA12888292AE254705FCE40 /* VideoListViewController.m */; };
		5CA1238EE3E296045C6BA478 /* VideoItemTableViewCell.m in Sources */ = {isa = PBXBuildFile; fileRef = 5CA122E71466B60746F87911 /* VideoItemTableViewCell.m */; };
		5CA126B5271F6C1651DCEA23 /* VideoListModel.m in Sources */ = {isa = PBXBuildFile; fileRef = 5CA122853141F0FBE85D90D2 /* VideoListModel.m */; };
		5CA126C8819ADD331AD4D15A /* Images.xcassets in Resources */ = {isa = PBXBuildFile; fileRef = 5CA125B32FF20CFAFCA38CB0 /* Images.xcassets */; };
		5CA1279FD710478F50C1CBAE /* AppDelegate.m in Sources */ = {isa = PBXBuildFile; fileRef = 5CA1249563F2375FD55F36DE /* AppDelegate.m */; };
		5CA12A3FD027C8A431D5B9BD /* LaunchScreen.xib in Resources */ = {isa = PBXBuildFile; fileRef = 5CA12BBC535AA102743C725A /* LaunchScreen.xib */; };
		5CA12A5ABC762FA946D6D959 /* main.m in Sources */ = {isa = PBXBuildFile; fileRef = 5CA121FF4EED03B0E6BC1628 /* main.m */; };
		5CA12B4B5DEDC5C47EDEF746 /* VideoPlayerView.m in Sources */ = {isa = PBXBuildFile; fileRef = 5CA129322E27B65E074AC575 /* VideoPlayerView.m */; };
		5CA12DA0E54C603FC48CBF6E /* Downloader.m in Sources */ = {isa = PBXBuildFile; fileRef = 5CA121FD1F84B3BEBF875E74 /* Downloader.m */; };
		5CA12E6AD29194F2EFC88F20 /* Main.storyboard in Resources */ = {isa = PBXBuildFile; fileRef = 5CA122FA5B92037EF461B34A /* Main.storyboard */; };
		5CA12E8CAAC28C259A410013 /* VideoItem.m in Sources */ = {isa = PBXBuildFile; fileRef = 5CA12B5E0DA9ECCBEBF878F5 /* VideoItem.m */; };
/* End PBXBuildFile section */

/* Begin PBXContainerItemProxy section */
		5CA123D9F385670AD14CA665 /* PBXContainerItemProxy */ = {
			isa = PBXContainerItemProxy;
			containerPortal = 5CA12867BD515F1013C19C06 /* Project object */;
			proxyType = 1;
			remoteGlobalIDString = 5CA12C13ADBEF36A250AC5BF;
			remoteInfo = VideoList;
		};
/* End PBXContainerItemProxy section */

/* Begin PBXFileReference section */
		5CA12042C600600121FF72E0 /* VideoItem.h */ = {isa = PBXFileReference; fileEncoding = 4; lastKnownFileType = sourcecode.c.h; path = VideoItem.h; sourceTree = "<group>"; };
		5CA1213FBE7774845B117F89 /* AppDelegate.h */ = {isa = PBXFileReference; lastKnownFileType = sourcecode.c.h; path = AppDelegate.h; sourceTree = "<group>"; };
		5CA121D93182A024D6E49949 /* Base */ = {isa = PBXFileReference; lastKnownFileType = file.storyboard; name = Base; path = Base.lproj/Main.storyboard; sourceTree = "<group>"; };
		5CA121FD1F84B3BEBF875E74 /* Downloader.m */ = {isa = PBXFileReference; fileEncoding = 4; lastKnownFileType = sourcecode.c.objc; lineEnding = 0; path = Downloader.m; sourceTree = "<group>"; xcLanguageSpecificationIdentifier = xcode.lang.objc; };
		5CA121FF4EED03B0E6BC1628 /* main.m */ = {isa = PBXFileReference; lastKnownFileType = sourcecode.c.objc; lineEnding = 0; path = main.m; sourceTree = "<group>"; xcLanguageSpecificationIdentifier = xcode.lang.objc; };
		5CA122853141F0FBE85D90D2 /* VideoListModel.m */ = {isa = PBXFileReference; fileEncoding = 4; lastKnownFileType = sourcecode.c.objc; lineEnding = 0; path = VideoListModel.m; sourceTree = "<group>"; xcLanguageSpecificationIdentifier = xcode.lang.objc; };
		5CA122E71466B60746F87911 /* VideoItemTableViewCell.m */ = {isa = PBXFileReference; fileEncoding = 4; lastKnownFileType = sourcecode.c.objc; path = VideoItemTableViewCell.m; sourceTree = "<group>"; };
		5CA1249563F2375FD55F36DE /* AppDelegate.m */ = {isa = PBXFileReference; lastKnownFileType = sourcecode.c.objc; path = AppDelegate.m; sourceTree = "<group>"; };
		5CA1256D40E4532B9D8B4593 /* Info.plist */ = {isa = PBXFileReference; lastKnownFileType = text.plist.info; path = Info.plist; sourceTree = "<group>"; };
		5CA125B32FF20CFAFCA38CB0 /* Images.xcassets */ = {isa = PBXFileReference; lastKnownFileType = folder.assetcatalog; path = Images.xcassets; sourceTree = "<group>"; };
		5CA12613FD538D29341447A9 /* VideoListViewController.h */ = {isa = PBXFileReference; lastKnownFileType = sourcecode.c.h; path = VideoListViewController.h; sourceTree = "<group>"; };
		5CA1261AFB3C44F2DF543387 /* VideoItemTableViewCell.h */ = {isa = PBXFileReference; fileEncoding = 4; lastKnownFileType = sourcecode.c.h; lineEnding = 0; path = VideoItemTableViewCell.h; sourceTree = "<group>"; xcLanguageSpecificationIdentifier = xcode.lang.objcpp; };
		5CA12809A2528B4116755D95 /* Downloader.h */ = {isa = PBXFileReference; fileEncoding = 4; lastKnownFileType = sourcecode.c.h; path = Downloader.h; sourceTree = "<group>"; };
		5CA12888292AE254705FCE40 /* VideoListViewController.m */ = {isa = PBXFileReference; lastKnownFileType = sourcecode.c.objc; path = VideoListViewController.m; sourceTree = "<group>"; };
		5CA129322E27B65E074AC575 /* VideoPlayerView.m */ = {isa = PBXFileReference; fileEncoding = 4; lastKnownFileType = sourcecode.c.objc; path = VideoPlayerView.m; sourceTree = "<group>"; };
		5CA12A76B6FD63205FA77CC1 /* Base */ = {isa = PBXFileReference; lastKnownFileType = file.xib; name = Base; path = Base.lproj/LaunchScreen.xib; sourceTree = "<group>"; };
		5CA12A7CB1C6E805D291087B /* VideoListModel.h */ = {isa = PBXFileReference; fileEncoding = 4; lastKnownFileType = sourcecode.c.h; path = VideoListModel.h; sourceTree = "<group>"; };
		5CA12B5E0DA9ECCBEBF878F5 /* VideoItem.m */ = {isa = PBXFileReference; fileEncoding = 4; lastKnownFileType = sourcecode.c.objc; lineEnding = 0; path = VideoItem.m; sourceTree = "<group>"; xcLanguageSpecificationIdentifier = xcode.lang.objc; };
		5CA12B9B3BC17859839769D1 /* VideoList.app */ = {isa = PBXFileReference; explicitFileType = wrapper.application; includeInIndex = 0; path = VideoList.app; sourceTree = BUILT_PRODUCTS_DIR; };
		5CA12CBF25DBAC146D1A6699 /* VideoPlayerView.h */ = {isa = PBXFileReference; fileEncoding = 4; lastKnownFileType = sourcecode.c.h; path = VideoPlayerView.h; sourceTree = "<group>"; };
/* End PBXFileReference section */

/* Begin PBXFrameworksBuildPhase section */
		5CA126B7B72BBDE1417326C8 /* Frameworks */ = {
			isa = PBXFrameworksBuildPhase;
			buildActionMask = 2147483647;
			files = (
			);
			runOnlyForDeploymentPostprocessing = 0;
		};
		5CA12DB961F33C9B0038D0A5 /* Frameworks */ = {
			isa = PBXFrameworksBuildPhase;
			buildActionMask = 2147483647;
			files = (
			);
			runOnlyForDeploymentPostprocessing = 0;
		};
/* End PBXFrameworksBuildPhase section */

/* Begin PBXGroup section */
		5CA124C1A3089F037BC82CF2 /* VideoList */ = {
			isa = PBXGroup;
			children = (
				5CA127E3AA4ECA319D06A84D /* Supporting Files */,
				5CA125B32FF20CFAFCA38CB0 /* Images.xcassets */,
				5CA12BBC535AA102743C725A /* LaunchScreen.xib */,
				5CA1213FBE7774845B117F89 /* AppDelegate.h */,
				5CA1249563F2375FD55F36DE /* AppDelegate.m */,
				5CA122FA5B92037EF461B34A /* Main.storyboard */,
				5CA12613FD538D29341447A9 /* VideoListViewController.h */,
				5CA12888292AE254705FCE40 /* VideoListViewController.m */,
				5CA122853141F0FBE85D90D2 /* VideoListModel.m */,
				5CA12A7CB1C6E805D291087B /* VideoListModel.h */,
				5CA12B5E0DA9ECCBEBF878F5 /* VideoItem.m */,
				5CA12042C600600121FF72E0 /* VideoItem.h */,
				5CA122E71466B60746F87911 /* VideoItemTableViewCell.m */,
				5CA1261AFB3C44F2DF543387 /* VideoItemTableViewCell.h */,
				5CA121FD1F84B3BEBF875E74 /* Downloader.m */,
				5CA12809A2528B4116755D95 /* Downloader.h */,
				5CA129322E27B65E074AC575 /* VideoPlayerView.m */,
				5CA12CBF25DBAC146D1A6699 /* VideoPlayerView.h */,
			);
			path = VideoList;
			sourceTree = "<group>";
		};
		5CA127E3AA4ECA319D06A84D /* Supporting Files */ = {
			isa = PBXGroup;
			children = (
				5CA1256D40E4532B9D8B4593 /* Info.plist */,
				5CA121FF4EED03B0E6BC1628 /* main.m */,
			);
			name = "Supporting Files";
			sourceTree = "<group>";
		};
		5CA128CC96862ADC8B3B49F0 = {
			isa = PBXGroup;
			children = (
				5CA12966BAA6D5938D91249E /* Products */,
				5CA124C1A3089F037BC82CF2 /* VideoList */,
			);
			sourceTree = "<group>";
		};
		5CA12966BAA6D5938D91249E /* Products */ = {
			isa = PBXGroup;
			children = (
				5CA12B9B3BC17859839769D1 /* VideoList.app */,
			);
			name = Products;
			sourceTree = "<group>";
		};
/* End PBXGroup section */

/* Begin PBXNativeTarget section */
		5CA12688F3E5EA1649512EA2 /* VideoListTests */ = {
			isa = PBXNativeTarget;
			buildConfigurationList = 5CA12F53FBA0DD9B66CD4D05 /* Build configuration list for PBXNativeTarget "VideoListTests" */;
			buildPhases = (
				5CA127FFD892B42A46381D99 /* Sources */,
				5CA12DB961F33C9B0038D0A5 /* Frameworks */,
				5CA124B76F4F75C716A3535C /* Resources */,
			);
			buildRules = (
			);
			dependencies = (
				5CA12B7D456ED1A89B00E63B /* PBXTargetDependency */,
			);
			name = VideoListTests;
			productName = VideoListTests;
			productType = "com.apple.product-type.bundle.unit-test";
		};
		5CA12C13ADBEF36A250AC5BF /* VideoList */ = {
			isa = PBXNativeTarget;
			buildConfigurationList = 5CA125A6F7D06EE1EC168033 /* Build configuration list for PBXNativeTarget "VideoList" */;
			buildPhases = (
				5CA128716306B7D1A0BE07DD /* Sources */,
				5CA126B7B72BBDE1417326C8 /* Frameworks */,
				5CA120C70FDF6BC1209C59E9 /* Resources */,
			);
			buildRules = (
			);
			dependencies = (
			);
			name = VideoList;
			productName = VideoList;
			productReference = 5CA12B9B3BC17859839769D1 /* VideoList.app */;
			productType = "com.apple.product-type.application";
		};
/* End PBXNativeTarget section */

/* Begin PBXProject section */
		5CA12867BD515F1013C19C06 /* Project object */ = {
			isa = PBXProject;
			attributes = {
				ORGANIZATIONNAME = home;
			};
			buildConfigurationList = 5CA12E6E98E2725E4FCE2619 /* Build configuration list for PBXProject "VideoList" */;
			compatibilityVersion = "Xcode 3.2";
			developmentRegion = English;
			hasScannedForEncodings = 0;
			knownRegions = (
				en,
			);
			mainGroup = 5CA128CC96862ADC8B3B49F0;
			productRefGroup = 5CA12966BAA6D5938D91249E /* Products */;
			projectDirPath = "";
			projectRoot = "";
			targets = (
				5CA12C13ADBEF36A250AC5BF /* VideoList */,
				5CA12688F3E5EA1649512EA2 /* VideoListTests */,
			);
		};
/* End PBXProject section */

/* Begin PBXResourcesBuildPhase section */
		5CA120C70FDF6BC1209C59E9 /* Resources */ = {
			isa = PBXResourcesBuildPhase;
			buildActionMask = 2147483647;
			files = (
				5CA126C8819ADD331AD4D15A /* Images.xcassets in Resources */,
				5CA12A3FD027C8A431D5B9BD /* LaunchScreen.xib in Resources */,
				5CA12E6AD29194F2EFC88F20 /* Main.storyboard in Resources */,
			);
			runOnlyForDeploymentPostprocessing = 0;
		};
		5CA124B76F4F75C716A3535C /* Resources */ = {
			isa = PBXResourcesBuildPhase;
			buildActionMask = 2147483647;
			files = (
			);
			runOnlyForDeploymentPostprocessing = 0;
		};
/* End PBXResourcesBuildPhase section */

/* Begin PBXSourcesBuildPhase section */
		5CA127FFD892B42A46381D99 /* Sources */ = {
			isa = PBXSourcesBuildPhase;
			buildActionMask = 2147483647;
			files = (
			);
			runOnlyForDeploymentPostprocessing = 0;
		};
		5CA128716306B7D1A0BE07DD /* Sources */ = {
			isa = PBXSourcesBuildPhase;
			buildActionMask = 2147483647;
			files = (
				5CA12A5ABC762FA946D6D959 /* main.m in Sources */,
				5CA1279FD710478F50C1CBAE /* AppDelegate.m in Sources */,
				5CA12144A2C2A4AFF0C6EA24 /* VideoListViewController.m in Sources */,
				5CA126B5271F6C1651DCEA23 /* VideoListModel.m in Sources */,
				5CA12E8CAAC28C259A410013 /* VideoItem.m in Sources */,
				5CA1238EE3E296045C6BA478 /* VideoItemTableViewCell.m in Sources */,
				5CA12DA0E54C603FC48CBF6E /* Downloader.m in Sources */,
				5CA12B4B5DEDC5C47EDEF746 /* VideoPlayerView.m in Sources */,
			);
			runOnlyForDeploymentPostprocessing = 0;
		};
/* End PBXSourcesBuildPhase section */

/* Begin PBXTargetDependency section */
		5CA12B7D456ED1A89B00E63B /* PBXTargetDependency */ = {
			isa = PBXTargetDependency;
			target = 5CA12C13ADBEF36A250AC5BF /* VideoList */;
			targetProxy = 5CA123D9F385670AD14CA665 /* PBXContainerItemProxy */;
		};
/* End PBXTargetDependency section */

/* Begin PBXVariantGroup section */
		5CA122FA5B92037EF461B34A /* Main.storyboard */ = {
			isa = PBXVariantGroup;
			children = (
				5CA121D93182A024D6E49949 /* Base */,
			);
			name = Main.storyboard;
			sourceTree = "<group>";
		};
		5CA12BBC535AA102743C725A /* LaunchScreen.xib */ = {
			isa = PBXVariantGroup;
			children = (
				5CA12A76B6FD63205FA77CC1 /* Base */,
			);
			name = LaunchScreen.xib;
			sourceTree = "<group>";
		};
/* End PBXVariantGroup section */

/* Begin XCBuildConfiguration section */
		5CA12213F6E39F8682F0AD37 /* Debug */ = {
			isa = XCBuildConfiguration;
			buildSettings = {
				BUNDLE_LOADER = "$(BUILT_PRODUCTS_DIR)/VideoList.app/VideoList";
				FRAMEWORK_SEARCH_PATHS = (
					"$(SDKROOT)/Developer/Library/Frameworks",
					"$(inherited)",
				);
				INFOPLIST_FILE = VideoListTests/Info.plist;
				LD_RUNPATH_SEARCH_PATHS = "$(inherited) @executable_path/Frameworks @loader_path/Frameworks";
				PRODUCT_NAME = "$(TARGET_NAME)";
				TEST_HOST = "$(BUNDLE_LOADER)";
			};
			name = Debug;
		};
		5CA12454C22A4D5A1F5BBE10 /* Debug */ = {
			isa = XCBuildConfiguration;
			buildSettings = {
				ALWAYS_SEARCH_USER_PATHS = NO;
				CLANG_CXX_LANGUAGE_STANDARD = "gnu++0x";
				CLANG_CXX_LIBRARY = "libc++";
				CLANG_ENABLE_MODULES = YES;
				CLANG_ENABLE_OBJC_ARC = YES;
				CLANG_WARN_BOOL_CONVERSION = YES;
				CLANG_WARN_CONSTANT_CONVERSION = YES;
				CLANG_WARN_DIRECT_OBJC_ISA_USAGE = YES_ERROR;
				CLANG_WARN_EMPTY_BODY = YES;
				CLANG_WARN_ENUM_CONVERSION = YES;
				CLANG_WARN_INT_CONVERSION = YES;
				CLANG_WARN_OBJC_ROOT_CLASS = YES_ERROR;
				CLANG_WARN_UNREACHABLE_CODE = YES;
				CLANG_WARN__DUPLICATE_METHOD_MATCH = YES;
				"CODE_SIGN_IDENTITY[sdk=iphoneos*]" = "iPhone Developer";
				COPY_PHASE_STRIP = NO;
				DEBUG_INFORMATION_FORMAT = "dwarf-with-dsym";
				ENABLE_STRICT_OBJC_MSGSEND = YES;
				GCC_C_LANGUAGE_STANDARD = gnu99;
				GCC_DYNAMIC_NO_PIC = NO;
				GCC_NO_COMMON_BLOCKS = YES;
				GCC_OPTIMIZATION_LEVEL = 0;
				GCC_PREPROCESSOR_DEFINITIONS = (
					"DEBUG=1",
					"$(inherited)",
				);
				GCC_SYMBOLS_PRIVATE_EXTERN = NO;
				GCC_WARN_64_TO_32_BIT_CONVERSION = YES;
				GCC_WARN_ABOUT_RETURN_TYPE = YES_ERROR;
				GCC_WARN_UNDECLARED_SELECTOR = YES;
				GCC_WARN_UNINITIALIZED_AUTOS = YES_AGGRESSIVE;
				GCC_WARN_UNUSED_FUNCTION = YES;
				GCC_WARN_UNUSED_VARIABLE = YES;
				IPHONEOS_DEPLOYMENT_TARGET = 8.3;
				MTL_ENABLE_DEBUG_INFO = YES;
				ONLY_ACTIVE_ARCH = YES;
				SDKROOT = iphoneos;
				TARGETED_DEVICE_FAMILY = "1,2";
			};
			name = Debug;
		};
		5CA12746D1AC10F6EDE6FEDE /* Release */ = {
			isa = XCBuildConfiguration;
			buildSettings = {
				ALWAYS_SEARCH_USER_PATHS = NO;
				CLANG_CXX_LANGUAGE_STANDARD = "gnu++0x";
				CLANG_CXX_LIBRARY = "libc++";
				CLANG_ENABLE_MODULES = YES;
				CLANG_ENABLE_OBJC_ARC = YES;
				CLANG_WARN_BOOL_CONVERSION = YES;
				CLANG_WARN_CONSTANT_CONVERSION = YES;
				CLANG_WARN_DIRECT_OBJC_ISA_USAGE = YES_ERROR;
				CLANG_WARN_EMPTY_BODY = YES;
				CLANG_WARN_ENUM_CONVERSION = YES;
				CLANG_WARN_INT_CONVERSION = YES;
				CLANG_WARN_OBJC_ROOT_CLASS = YES_ERROR;
				CLANG_WARN_UNREACHABLE_CODE = YES;
				CLANG_WARN__DUPLICATE_METHOD_MATCH = YES;
				"CODE_SIGN_IDENTITY[sdk=iphoneos*]" = "iPhone Developer";
				COPY_PHASE_STRIP = NO;
				DEBUG_INFORMATION_FORMAT = "dwarf-with-dsym";
				ENABLE_NS_ASSERTIONS = NO;
				ENABLE_STRICT_OBJC_MSGSEND = YES;
				GCC_C_LANGUAGE_STANDARD = gnu99;
				GCC_NO_COMMON_BLOCKS = YES;
				GCC_WARN_64_TO_32_BIT_CONVERSION = YES;
				GCC_WARN_ABOUT_RETURN_TYPE = YES_ERROR;
				GCC_WARN_UNDECLARED_SELECTOR = YES;
				GCC_WARN_UNINITIALIZED_AUTOS = YES_AGGRESSIVE;
				GCC_WARN_UNUSED_FUNCTION = YES;
				GCC_WARN_UNUSED_VARIABLE = YES;
				IPHONEOS_DEPLOYMENT_TARGET = 8.3;
				MTL_ENABLE_DEBUG_INFO = NO;
				SDKROOT = iphoneos;
				TARGETED_DEVICE_FAMILY = "1,2";
				VALIDATE_PRODUCT = YES;
			};
			name = Release;
		};
		5CA12B6518DE900A6297C878 /* Release */ = {
			isa = XCBuildConfiguration;
			buildSettings = {
				BUNDLE_LOADER = "$(BUILT_PRODUCTS_DIR)/VideoList.app/VideoList";
				FRAMEWORK_SEARCH_PATHS = (
					"$(SDKROOT)/Developer/Library/Frameworks",
					"$(inherited)",
				);
				INFOPLIST_FILE = VideoListTests/Info.plist;
				LD_RUNPATH_SEARCH_PATHS = "$(inherited) @executable_path/Frameworks @loader_path/Frameworks";
				PRODUCT_NAME = "$(TARGET_NAME)";
				TEST_HOST = "$(BUNDLE_LOADER)";
			};
			name = Release;
		};
		5CA12DB583B6010C1C90FD64 /* Debug */ = {
			isa = XCBuildConfiguration;
			buildSettings = {
				ASSETCATALOG_COMPILER_APPICON_NAME = AppIcon;
				INFOPLIST_FILE = VideoList/Info.plist;
				IPHONEOS_DEPLOYMENT_TARGET = 8.1;
				LD_RUNPATH_SEARCH_PATHS = "$(inherited) @executable_path/Frameworks";
				PRODUCT_NAME = "$(TARGET_NAME)";
				TARGETED_DEVICE_FAMILY = 1;
			};
			name = Debug;
		};
		5CA12DF6B99CCBF5F3504362 /* Release */ = {
			isa = XCBuildConfiguration;
			buildSettings = {
				ASSETCATALOG_COMPILER_APPICON_NAME = AppIcon;
				INFOPLIST_FILE = VideoList/Info.plist;
				IPHONEOS_DEPLOYMENT_TARGET = 8.1;
				LD_RUNPATH_SEARCH_PATHS = "$(inherited) @executable_path/Frameworks";
				PRODUCT_NAME = "$(TARGET_NAME)";
				TARGETED_DEVICE_FAMILY = 1;
			};
			name = Release;
		};
/* End XCBuildConfiguration section */

/* Begin XCConfigurationList section */
		5CA125A6F7D06EE1EC168033 /* Build configuration list for PBXNativeTarget "VideoList" */ = {
			isa = XCConfigurationList;
			buildConfigurations = (
				5CA12DB583B6010C1C90FD64 /* Debug */,
				5CA12DF6B99CCBF5F3504362 /* Release */,
			);
			defaultConfigurationIsVisible = 0;
			defaultConfigurationName = Release;
		};
		5CA12E6E98E2725E4FCE2619 /* Build configuration list for PBXProject "VideoList" */ = {
			isa = XCConfigurationList;
			buildConfigurations = (
				5CA12454C22A4D5A1F5BBE10 /* Debug */,
				5CA12746D1AC10F6EDE6FEDE /* Release */,
			);
			defaultConfigurationIsVisible = 0;
			defaultConfigurationName = Release;
		};
		5CA12F53FBA0DD9B66CD4D05 /* Build configuration list for PBXNativeTarget "VideoListTests" */ = {
			isa = XCConfigurationList;
			buildConfigurations = (
				5CA12213F6E39F8682F0AD37 /* Debug */,
				5CA12B6518DE900A6297C878 /* Release */,
			);
			defaultConfigurationIsVisible = 0;
			defaultConfigurationName = Release;
		};
/* End XCConfigurationList section */
	};
	rootObject = 5CA12867BD515F1013C19C06 /* Project object */;
}
